
Microsoft Visual Studio Solution File, Format Version 12.00
# Visual Studio Version 16
VisualStudioVersion = 16.0.32929.386
MinimumVisualStudioVersion = 10.0.40219.1
Project("{FAE04EC0-301F-11D3-BF4B-00C04F79EFBC}") = "Library Management Syatem", "Library Management Syatem.csproj", "{981FFBBF-B267-4AD9-A2E7-BAB2DD7CD6C9}"
EndProject
Global
	GlobalSection(SolutionConfigurationPlatforms) = preSolution
		Debug|Any CPU = Debug|Any CPU
		Release|Any CPU = Release|Any CPU
	EndGlobalSection
	GlobalSection(ProjectConfigurationPlatforms) = postSolution
		{981FFBBF-B267-4AD9-A2E7-BAB2DD7CD6C9}.Debug|Any CPU.ActiveCfg = Debug|Any CPU
		{981FFBBF-B267-4AD9-A2E7-BAB2DD7CD6C9}.Debug|Any CPU.Build.0 = Debug|Any CPU
		{981FFBBF-B267-4AD9-A2E7-BAB2DD7CD6C9}.Release|Any CPU.ActiveCfg = Release|Any CPU
		{981FFBBF-B267-4AD9-A2E7-BAB2DD7CD6C9}.Release|Any CPU.Build.0 = Release|Any CPU
	EndGlobalSection
	GlobalSection(SolutionProperties) = preSolution
		HideSolutionNode = FALSE
	EndGlobalSection
	GlobalSection(ExtensibilityGlobals) = postSolution
		SolutionGuid = {65F9D303-4C2B-47D3-886C-4A655726180A}
	EndGlobalSection
EndGlobal
